
Microsoft Visual Studio Solution File, Format Version 12.00
# Visual Studio Version 16
VisualStudioVersion = 16.0.30804.86
MinimumVisualStudioVersion = 10.0.40219.1
Project("{9A19103F-16F7-4668-BE54-9A1E7A4F7556}") = "HTMLtoTXT", "HTMLtoTXT\HTMLtoTXT.csproj", "{2A7EA2BF-E6C5-4409-92BF-6421B33F0733}"
EndProject
Project("{9A19103F-16F7-4668-BE54-9A1E7A4F7556}") = "DLLTester", "DLLTester\DLLTester.csproj", "{2080FEA9-7D0F-412F-A13A-0016AAB5DFF9}"
EndProject
Project("{9A19103F-16F7-4668-BE54-9A1E7A4F7556}") = "Excel", "DLLModificable\Excel.csproj", "{13050F72-EDAF-431C-9A4F-6CDE516D37A0}"
EndProject
Project("{FAE04EC0-301F-11D3-BF4B-00C04F79EFBC}") = "ExchangeEmail", "ExchangeEmail\ExchangeEmail.csproj", "{4B8C7C38-BB53-4164-BC9F-8DAF5C03EB4C}"
EndProject
Global
	GlobalSection(SolutionConfigurationPlatforms) = preSolution
		Debug|Any CPU = Debug|Any CPU
		Release|Any CPU = Release|Any CPU
	EndGlobalSection
	GlobalSection(ProjectConfigurationPlatforms) = postSolution
		{2A7EA2BF-E6C5-4409-92BF-6421B33F0733}.Debug|Any CPU.ActiveCfg = Debug|Any CPU
		{2A7EA2BF-E6C5-4409-92BF-6421B33F0733}.Debug|Any CPU.Build.0 = Debug|Any CPU
		{2A7EA2BF-E6C5-4409-92BF-6421B33F0733}.Release|Any CPU.ActiveCfg = Release|Any CPU
		{2A7EA2BF-E6C5-4409-92BF-6421B33F0733}.Release|Any CPU.Build.0 = Release|Any CPU
		{2080FEA9-7D0F-412F-A13A-0016AAB5DFF9}.Debug|Any CPU.ActiveCfg = Debug|Any CPU
		{2080FEA9-7D0F-412F-A13A-0016AAB5DFF9}.Debug|Any CPU.Build.0 = Debug|Any CPU
		{2080FEA9-7D0F-412F-A13A-0016AAB5DFF9}.Release|Any CPU.ActiveCfg = Release|Any CPU
		{2080FEA9-7D0F-412F-A13A-0016AAB5DFF9}.Release|Any CPU.Build.0 = Release|Any CPU
		{13050F72-EDAF-431C-9A4F-6CDE516D37A0}.Debug|Any CPU.ActiveCfg = Debug|Any CPU
		{13050F72-EDAF-431C-9A4F-6CDE516D37A0}.Debug|Any CPU.Build.0 = Debug|Any CPU
		{13050F72-EDAF-431C-9A4F-6CDE516D37A0}.Release|Any CPU.ActiveCfg = Release|Any CPU
		{13050F72-EDAF-431C-9A4F-6CDE516D37A0}.Release|Any CPU.Build.0 = Release|Any CPU
		{4B8C7C38-BB53-4164-BC9F-8DAF5C03EB4C}.Debug|Any CPU.ActiveCfg = Debug|Any CPU
		{4B8C7C38-BB53-4164-BC9F-8DAF5C03EB4C}.Debug|Any CPU.Build.0 = Debug|Any CPU
		{4B8C7C38-BB53-4164-BC9F-8DAF5C03EB4C}.Release|Any CPU.ActiveCfg = Release|Any CPU
		{4B8C7C38-BB53-4164-BC9F-8DAF5C03EB4C}.Release|Any CPU.Build.0 = Release|Any CPU
	EndGlobalSection
	GlobalSection(SolutionProperties) = preSolution
		HideSolutionNode = FALSE
	EndGlobalSection
	GlobalSection(ExtensibilityGlobals) = postSolution
		SolutionGuid = {02762C9F-43B9-4FF0-8F57-18514123CB67}
	EndGlobalSection
EndGlobal
